
Microsoft Visual Studio Solution File, Format Version 12.00
# Visual Studio Version 17
VisualStudioVersion = 17.2.32602.215
MinimumVisualStudioVersion = 10.0.40219.1
Project("{8BC9CEB8-8B4A-11D0-8D11-00A0C91BC942}") = "[PROJ_NAME]", "[PROJ_NAME].vcxproj", "{0B457A6C-A6EA-49CE-A09D-42B659449D4C}"
EndProject
Global
	GlobalSection(SolutionConfigurationPlatforms) = preSolution
		Debug|x64 = Debug|x64
		Debug|x86 = Debug|x86
		Release|x64 = Release|x64
		Release|x86 = Release|x86
	EndGlobalSection
	GlobalSection(ProjectConfigurationPlatforms) = postSolution
		{0B457A6C-A6EA-49CE-A09D-42B659449D4C}.Debug|x64.ActiveCfg = Debug|x64
		{0B457A6C-A6EA-49CE-A09D-42B659449D4C}.Debug|x64.Build.0 = Debug|x64
		{0B457A6C-A6EA-49CE-A09D-42B659449D4C}.Debug|x86.ActiveCfg = Debug|Win32
		{0B457A6C-A6EA-49CE-A09D-42B659449D4C}.Debug|x86.Build.0 = Debug|Win32
		{0B457A6C-A6EA-49CE-A09D-42B659449D4C}.Release|x64.ActiveCfg = Release|x64
		{0B457A6C-A6EA-49CE-A09D-42B659449D4C}.Release|x64.Build.0 = Release|x64
		{0B457A6C-A6EA-49CE-A09D-42B659449D4C}.Release|x86.ActiveCfg = Release|Win32
		{0B457A6C-A6EA-49CE-A09D-42B659449D4C}.Release|x86.Build.0 = Release|Win32
	EndGlobalSection
	GlobalSection(SolutionProperties) = preSolution
		HideSolutionNode = FALSE
	EndGlobalSection
	GlobalSection(ExtensibilityGlobals) = postSolution
		SolutionGuid = {567A6804-34CA-4B34-810D-8BC7DC4661F8}
	EndGlobalSection
EndGlobal
